
Microsoft Visual Studio Solution File, Format Version 12.00
# Visual Studio Version 16
VisualStudioVersion = 16.0.29519.87
MinimumVisualStudioVersion = 10.0.40219.1
Project("{FAE04EC0-301F-11D3-BF4B-00C04F79EFBC}") = "AbstractFactory", "AbstractFactory.csproj", "{0F651EAA-4436-4DE1-A6C2-987A0803CAAF}"
EndProject
Global
	GlobalSection(SolutionConfigurationPlatforms) = preSolution
		Debug|Any CPU = Debug|Any CPU
		Release|Any CPU = Release|Any CPU
	EndGlobalSection
	GlobalSection(ProjectConfigurationPlatforms) = postSolution
		{0F651EAA-4436-4DE1-A6C2-987A0803CAAF}.Debug|Any CPU.ActiveCfg = Debug|Any CPU
		{0F651EAA-4436-4DE1-A6C2-987A0803CAAF}.Debug|Any CPU.Build.0 = Debug|Any CPU
		{0F651EAA-4436-4DE1-A6C2-987A0803CAAF}.Release|Any CPU.ActiveCfg = Release|Any CPU
		{0F651EAA-4436-4DE1-A6C2-987A0803CAAF}.Release|Any CPU.Build.0 = Release|Any CPU
	EndGlobalSection
	GlobalSection(SolutionProperties) = preSolution
		HideSolutionNode = FALSE
	EndGlobalSection
	GlobalSection(ExtensibilityGlobals) = postSolution
		SolutionGuid = {9524B31F-E8CC-4B4B-A8F8-41FFAD0E0EE2}
	EndGlobalSection
EndGlobal
