
Microsoft Visual Studio Solution File, Format Version 12.00
# Visual Studio Version 16
VisualStudioVersion = 16.0.29519.87
MinimumVisualStudioVersion = 10.0.40219.1
Project("{FAE04EC0-301F-11D3-BF4B-00C04F79EFBC}") = "Builder", "Builder.csproj", "{7E42B0B7-0AA8-45C1-8CE7-D3ED2B7C70A1}"
EndProject
Global
	GlobalSection(SolutionConfigurationPlatforms) = preSolution
		Debug|Any CPU = Debug|Any CPU
		Release|Any CPU = Release|Any CPU
	EndGlobalSection
	GlobalSection(ProjectConfigurationPlatforms) = postSolution
		{7E42B0B7-0AA8-45C1-8CE7-D3ED2B7C70A1}.Debug|Any CPU.ActiveCfg = Debug|Any CPU
		{7E42B0B7-0AA8-45C1-8CE7-D3ED2B7C70A1}.Debug|Any CPU.Build.0 = Debug|Any CPU
		{7E42B0B7-0AA8-45C1-8CE7-D3ED2B7C70A1}.Release|Any CPU.ActiveCfg = Release|Any CPU
		{7E42B0B7-0AA8-45C1-8CE7-D3ED2B7C70A1}.Release|Any CPU.Build.0 = Release|Any CPU
	EndGlobalSection
	GlobalSection(SolutionProperties) = preSolution
		HideSolutionNode = FALSE
	EndGlobalSection
	GlobalSection(ExtensibilityGlobals) = postSolution
		SolutionGuid = {0C86F3F3-5F09-4F65-A467-51A0510A594B}
	EndGlobalSection
EndGlobal
